
Microsoft Visual Studio Solution File, Format Version 12.00
# Visual Studio 15
VisualStudioVersion = 15.0.27130.2036
MinimumVisualStudioVersion = 10.0.40219.1
Project("{8BC9CEB8-8B4A-11D0-8D11-00A0C91BC942}") = "dw", "dw\dw.vcxproj", "{1F17F5AB-0942-438A-BD01-6B8859C81BC7}"
EndProject
Project("{8BC9CEB8-8B4A-11D0-8D11-00A0C91BC942}") = "logs", "logs\logs.vcxproj", "{DADE3C74-B3B7-4115-9AAB-2E90EC21E387}"
EndProject
Project("{8BC9CEB8-8B4A-11D0-8D11-00A0C91BC942}") = "uw", "uw\uw.vcxproj", "{84F29615-C5DB-4311-9F75-2735ABBAD213}"
EndProject
Project("{8BC9CEB8-8B4A-11D0-8D11-00A0C91BC942}") = "aw", "aw\aw.vcxproj", "{BBB17038-A40E-4EEF-AADF-1A15FDDE7093}"
EndProject
Project("{8BC9CEB8-8B4A-11D0-8D11-00A0C91BC942}") = "mg", "mg\mg.vcxproj", "{F3276872-D45C-4093-A052-B556FFF1FAB1}"
EndProject
Project("{8BC9CEB8-8B4A-11D0-8D11-00A0C91BC942}") = "dnd1e", "dnd1e\dnd1e.vcxproj", "{9D03495D-4CED-475F-BD40-12D517F9E651}"
EndProject
Global
	GlobalSection(SolutionConfigurationPlatforms) = preSolution
		Debug|x64 = Debug|x64
		Debug|x86 = Debug|x86
		Release|x64 = Release|x64
		Release|x86 = Release|x86
	EndGlobalSection
	GlobalSection(ProjectConfigurationPlatforms) = postSolution
		{1F17F5AB-0942-438A-BD01-6B8859C81BC7}.Debug|x64.ActiveCfg = Debug|x64
		{1F17F5AB-0942-438A-BD01-6B8859C81BC7}.Debug|x64.Build.0 = Debug|x64
		{1F17F5AB-0942-438A-BD01-6B8859C81BC7}.Debug|x86.ActiveCfg = Debug|Win32
		{1F17F5AB-0942-438A-BD01-6B8859C81BC7}.Debug|x86.Build.0 = Debug|Win32
		{1F17F5AB-0942-438A-BD01-6B8859C81BC7}.Release|x64.ActiveCfg = Release|x64
		{1F17F5AB-0942-438A-BD01-6B8859C81BC7}.Release|x64.Build.0 = Release|x64
		{1F17F5AB-0942-438A-BD01-6B8859C81BC7}.Release|x86.ActiveCfg = Release|Win32
		{1F17F5AB-0942-438A-BD01-6B8859C81BC7}.Release|x86.Build.0 = Release|Win32
		{DADE3C74-B3B7-4115-9AAB-2E90EC21E387}.Debug|x64.ActiveCfg = Debug|x64
		{DADE3C74-B3B7-4115-9AAB-2E90EC21E387}.Debug|x64.Build.0 = Debug|x64
		{DADE3C74-B3B7-4115-9AAB-2E90EC21E387}.Debug|x86.ActiveCfg = Debug|Win32
		{DADE3C74-B3B7-4115-9AAB-2E90EC21E387}.Debug|x86.Build.0 = Debug|Win32
		{DADE3C74-B3B7-4115-9AAB-2E90EC21E387}.Release|x64.ActiveCfg = Release|x64
		{DADE3C74-B3B7-4115-9AAB-2E90EC21E387}.Release|x64.Build.0 = Release|x64
		{DADE3C74-B3B7-4115-9AAB-2E90EC21E387}.Release|x86.ActiveCfg = Release|Win32
		{DADE3C74-B3B7-4115-9AAB-2E90EC21E387}.Release|x86.Build.0 = Release|Win32
		{84F29615-C5DB-4311-9F75-2735ABBAD213}.Debug|x64.ActiveCfg = Debug|x64
		{84F29615-C5DB-4311-9F75-2735ABBAD213}.Debug|x64.Build.0 = Debug|x64
		{84F29615-C5DB-4311-9F75-2735ABBAD213}.Debug|x86.ActiveCfg = Debug|Win32
		{84F29615-C5DB-4311-9F75-2735ABBAD213}.Debug|x86.Build.0 = Debug|Win32
		{84F29615-C5DB-4311-9F75-2735ABBAD213}.Release|x64.ActiveCfg = Release|x64
		{84F29615-C5DB-4311-9F75-2735ABBAD213}.Release|x64.Build.0 = Release|x64
		{84F29615-C5DB-4311-9F75-2735ABBAD213}.Release|x86.ActiveCfg = Release|Win32
		{84F29615-C5DB-4311-9F75-2735ABBAD213}.Release|x86.Build.0 = Release|Win32
		{BBB17038-A40E-4EEF-AADF-1A15FDDE7093}.Debug|x64.ActiveCfg = Debug|x64
		{BBB17038-A40E-4EEF-AADF-1A15FDDE7093}.Debug|x64.Build.0 = Debug|x64
		{BBB17038-A40E-4EEF-AADF-1A15FDDE7093}.Debug|x86.ActiveCfg = Debug|Win32
		{BBB17038-A40E-4EEF-AADF-1A15FDDE7093}.Debug|x86.Build.0 = Debug|Win32
		{BBB17038-A40E-4EEF-AADF-1A15FDDE7093}.Release|x64.ActiveCfg = Release|x64
		{BBB17038-A40E-4EEF-AADF-1A15FDDE7093}.Release|x64.Build.0 = Release|x64
		{BBB17038-A40E-4EEF-AADF-1A15FDDE7093}.Release|x86.ActiveCfg = Release|Win32
		{BBB17038-A40E-4EEF-AADF-1A15FDDE7093}.Release|x86.Build.0 = Release|Win32
		{F3276872-D45C-4093-A052-B556FFF1FAB1}.Debug|x64.ActiveCfg = Debug|x64
		{F3276872-D45C-4093-A052-B556FFF1FAB1}.Debug|x64.Build.0 = Debug|x64
		{F3276872-D45C-4093-A052-B556FFF1FAB1}.Debug|x86.ActiveCfg = Debug|Win32
		{F3276872-D45C-4093-A052-B556FFF1FAB1}.Debug|x86.Build.0 = Debug|Win32
		{F3276872-D45C-4093-A052-B556FFF1FAB1}.Release|x64.ActiveCfg = Release|x64
		{F3276872-D45C-4093-A052-B556FFF1FAB1}.Release|x64.Build.0 = Release|x64
		{F3276872-D45C-4093-A052-B556FFF1FAB1}.Release|x86.ActiveCfg = Release|Win32
		{F3276872-D45C-4093-A052-B556FFF1FAB1}.Release|x86.Build.0 = Release|Win32
		{9D03495D-4CED-475F-BD40-12D517F9E651}.Debug|x64.ActiveCfg = Debug|x64
		{9D03495D-4CED-475F-BD40-12D517F9E651}.Debug|x64.Build.0 = Debug|x64
		{9D03495D-4CED-475F-BD40-12D517F9E651}.Debug|x86.ActiveCfg = Debug|Win32
		{9D03495D-4CED-475F-BD40-12D517F9E651}.Debug|x86.Build.0 = Debug|Win32
		{9D03495D-4CED-475F-BD40-12D517F9E651}.Release|x64.ActiveCfg = Release|x64
		{9D03495D-4CED-475F-BD40-12D517F9E651}.Release|x64.Build.0 = Release|x64
		{9D03495D-4CED-475F-BD40-12D517F9E651}.Release|x86.ActiveCfg = Release|Win32
		{9D03495D-4CED-475F-BD40-12D517F9E651}.Release|x86.Build.0 = Release|Win32
	EndGlobalSection
	GlobalSection(SolutionProperties) = preSolution
		HideSolutionNode = FALSE
	EndGlobalSection
	GlobalSection(ExtensibilityGlobals) = postSolution
		SolutionGuid = {835BDA91-E7B8-4599-8972-35321D4A7FE6}
	EndGlobalSection
EndGlobal
