<?xml version="1.0" encoding="utf-8"?>
<Project ToolsVersion="4.0" xmlns="http://schemas.microsoft.com/developer/msbuild/2003">
  <ItemGroup>
    <ClCompile Include="action.cpp" />
    <ClCompile Include="deck.cpp" />
    <ClCompile Include="hero.cpp" />
    <ClCompile Include="hero_combat.cpp" />
    <ClCompile Include="hero_gameplay.cpp" />
    <ClCompile Include="location.cpp" />
    <ClCompile Include="main.cpp" />
    <ClCompile Include="monster.cpp" />
    <ClCompile Include="mythos.cpp" />
    <ClCompile Include="quest.cpp" />
    <ClCompile Include="stat.cpp" />
    <ClCompile Include="roll_info.cpp" />
    <ClCompile Include="tid.cpp" />
    <ClCompile Include="tag.cpp" />
    <ClCompile Include="hero_statistic.cpp" />
    <ClCompile Include="card.cpp" />
  </ItemGroup>
  <ItemGroup>
    <ClInclude Include="main.h" />
  </ItemGroup>
</Project>