<?xml version="1.0" encoding="utf-8"?>
<Project ToolsVersion="4.0" xmlns="http://schemas.microsoft.com/developer/msbuild/2003">
  <ItemGroup>
    <ClCompile Include="action.cpp" />
    <ClCompile Include="animals.cpp" />
    <ClCompile Include="condition.cpp" />
    <ClCompile Include="hero.cpp" />
    <ClCompile Include="hero_create.cpp" />
    <ClCompile Include="item.cpp" />
    <ClCompile Include="landscape.cpp" />
    <ClCompile Include="location.cpp" />
    <ClCompile Include="parcipants.cpp" />
    <ClCompile Include="playerturn.cpp" />
    <ClCompile Include="rolls.cpp" />
    <ClCompile Include="skill.cpp" />
    <ClCompile Include="stage.cpp" />
    <ClCompile Include="trait.cpp" />
    <ClCompile Include="weather.cpp" />
    <ClCompile Include="wise.cpp" />
    <ClCompile Include="main.cpp" />
    <ClCompile Include="season.cpp" />
    <ClCompile Include="conflict.cpp" />
    <ClCompile Include="maneuver.cpp" />
    <ClCompile Include="nameable.cpp" />
  </ItemGroup>
  <ItemGroup>
    <ClInclude Include="main.h" />
  </ItemGroup>
</Project>