<?xml version="1.0" encoding="utf-8"?>
<Project ToolsVersion="4.0" xmlns="http://schemas.microsoft.com/developer/msbuild/2003">
  <ItemGroup>
    <ClCompile Include="bsdata_serial.cpp">
      <Filter>Данные</Filter>
    </ClCompile>
    <ClCompile Include="color.cpp">
      <Filter>Поддержка</Filter>
    </ClCompile>
    <ClCompile Include="dice.cpp">
      <Filter>Поддержка</Filter>
    </ClCompile>
    <ClCompile Include="io.cpp">
      <Filter>Поддержка</Filter>
    </ClCompile>
    <ClCompile Include="draw.cpp">
      <Filter>Графика</Filter>
    </ClCompile>
    <ClCompile Include="draw_input.cpp">
      <Filter>Графика</Filter>
    </ClCompile>
    <ClCompile Include="draw_text.cpp">
      <Filter>Графика</Filter>
    </ClCompile>
    <ClCompile Include="draw_textf.cpp">
      <Filter>Графика</Filter>
    </ClCompile>
    <ClCompile Include="logs_driver.cpp">
      <Filter>Строки</Filter>
    </ClCompile>
    <ClCompile Include="archive.cpp">
      <Filter>Данные</Filter>
    </ClCompile>
    <ClCompile Include="logs_quest.cpp">
      <Filter>Строки</Filter>
    </ClCompile>
    <ClCompile Include="bstream.cpp">
      <Filter>Поддержка</Filter>
    </ClCompile>
    <ClCompile Include="crt.cpp">
      <Filter>Поддержка</Filter>
    </ClCompile>
    <ClCompile Include="stringbuilder.cpp">
      <Filter>Поддержка</Filter>
    </ClCompile>
    <ClCompile Include="szdup.cpp">
      <Filter>Поддержка</Filter>
    </ClCompile>
    <ClCompile Include="win_draw.cpp">
      <Filter>Платформа</Filter>
    </ClCompile>
    <ClCompile Include="win_io_file.cpp">
      <Filter>Платформа</Filter>
    </ClCompile>
    <ClCompile Include="point.cpp">
      <Filter>Поддержка</Filter>
    </ClCompile>
    <ClCompile Include="answer.cpp">
      <Filter>Поддержка</Filter>
    </ClCompile>
    <ClCompile Include="logs.cpp">
      <Filter>Поддержка</Filter>
    </ClCompile>
    <ClCompile Include="string_value.cpp">
      <Filter>Поддержка</Filter>
    </ClCompile>
    <ClCompile Include="logs_dialog.cpp">
      <Filter>Строки</Filter>
    </ClCompile>
  </ItemGroup>
  <ItemGroup>
    <ClInclude Include="color.h">
      <Filter>Поддержка</Filter>
    </ClInclude>
    <ClInclude Include="dice.h">
      <Filter>Поддержка</Filter>
    </ClInclude>
    <ClInclude Include="io.h">
      <Filter>Поддержка</Filter>
    </ClInclude>
    <ClInclude Include="draw.h">
      <Filter>Графика</Filter>
    </ClInclude>
    <ClInclude Include="archive.h">
      <Filter>Данные</Filter>
    </ClInclude>
    <ClInclude Include="logs_quest.h">
      <Filter>Строки</Filter>
    </ClInclude>
    <ClInclude Include="bstream.h">
      <Filter>Поддержка</Filter>
    </ClInclude>
    <ClInclude Include="crt.h">
      <Filter>Поддержка</Filter>
    </ClInclude>
    <ClInclude Include="string.h">
      <Filter>Поддержка</Filter>
    </ClInclude>
    <ClInclude Include="stringbuilder.h">
      <Filter>Поддержка</Filter>
    </ClInclude>
    <ClInclude Include="win.h">
      <Filter>Платформа</Filter>
    </ClInclude>
    <ClInclude Include="point.h">
      <Filter>Поддержка</Filter>
    </ClInclude>
    <ClInclude Include="rect.h">
      <Filter>Поддержка</Filter>
    </ClInclude>
    <ClInclude Include="answer.h">
      <Filter>Поддержка</Filter>
    </ClInclude>
    <ClInclude Include="logs.h">
      <Filter>Поддержка</Filter>
    </ClInclude>
  </ItemGroup>
  <ItemGroup>
    <Filter Include="Поддержка">
      <UniqueIdentifier>{da3c8b4f-9db2-43b4-8d71-006763a57d41}</UniqueIdentifier>
    </Filter>
    <Filter Include="Платформа">
      <UniqueIdentifier>{e8e02f5a-c0e2-481b-b4e6-6de90399a5c6}</UniqueIdentifier>
    </Filter>
    <Filter Include="Графика">
      <UniqueIdentifier>{d13fa0a1-5184-4423-9884-03159b973d84}</UniqueIdentifier>
    </Filter>
    <Filter Include="Строки">
      <UniqueIdentifier>{2ce7aed1-522b-4fcc-80c3-49c355190b2a}</UniqueIdentifier>
    </Filter>
    <Filter Include="Данные">
      <UniqueIdentifier>{d522f33f-34be-459f-8d09-b3b213ba87a2}</UniqueIdentifier>
    </Filter>
  </ItemGroup>
</Project>