<?xml version="1.0" encoding="utf-8"?>
<Project ToolsVersion="4.0" xmlns="http://schemas.microsoft.com/developer/msbuild/2003">
  <ItemGroup>
    <ClCompile Include="alignment.cpp" />
    <ClCompile Include="combat.cpp" />
    <ClCompile Include="diety.cpp" />
    <ClCompile Include="distance.cpp" />
    <ClCompile Include="dungeon.cpp" />
    <ClCompile Include="duration.cpp" />
    <ClCompile Include="game.cpp" />
    <ClCompile Include="hero.cpp" />
    <ClCompile Include="hero_booklet.cpp" />
    <ClCompile Include="hero_sheet.cpp" />
    <ClCompile Include="item.cpp" />
    <ClCompile Include="journey.cpp" />
    <ClCompile Include="lootinfo.cpp" />
    <ClCompile Include="main.cpp" />
    <ClCompile Include="mastermove.cpp" />
    <ClCompile Include="monster.cpp" />
    <ClCompile Include="moves.cpp" />
    <ClCompile Include="names.cpp" />
    <ClCompile Include="npc.cpp" />
    <ClCompile Include="race.cpp" />
    <ClCompile Include="site.cpp" />
    <ClCompile Include="spell.cpp" />
    <ClCompile Include="spell_state.cpp" />
    <ClCompile Include="steading.cpp" />
    <ClCompile Include="steading_names.cpp" />
    <ClCompile Include="logs_print.cpp" />
    <ClCompile Include="state.cpp" />
    <ClCompile Include="ability.cpp" />
    <ClCompile Include="prosperty.cpp" />
    <ClCompile Include="population.cpp" />
  </ItemGroup>
  <ItemGroup>
    <ClInclude Include="main.h" />
  </ItemGroup>
</Project>