<?xml version="1.0" encoding="utf-8"?>
<Project ToolsVersion="4.0" xmlns="http://schemas.microsoft.com/developer/msbuild/2003">
  <ItemGroup>
    <ClCompile Include="assets.cpp" />
    <ClCompile Include="hero.cpp" />
    <ClCompile Include="main.cpp" />
    <ClCompile Include="parameter.cpp" />
    <ClCompile Include="planet.cpp" />
    <ClCompile Include="print.cpp" />
    <ClCompile Include="quest.cpp" />
    <ClCompile Include="quest_parse.cpp" />
    <ClCompile Include="range.cpp" />
    <ClCompile Include="scene.cpp" />
  </ItemGroup>
  <ItemGroup>
    <ClInclude Include="main.h" />
    <ClInclude Include="parameter.h" />
    <ClInclude Include="quest.h" />
    <ClInclude Include="range.h" />
    <ClInclude Include="scene.h" />
  </ItemGroup>
</Project>